// !$*UTF8*$!
{
	archiveVersion = 1;
	classes = {
	};
	objectVersion = 46;
	objects = {

/* Begin PBXBuildFile section */
		335BB8811AB97F0F0093909B /* main.m in Sources */ = {isa = PBXBuildFile; fileRef = 335BB8801AB97F0F0093909B /* main.m */; };
		335BB8841AB97F0F0093909B /* AppDelegate.m in Sources */ = {isa = PBXBuildFile; fileRef = 335BB8831AB97F0F0093909B /* AppDelegate.m */; };
		335BB8871AB97F0F0093909B /* ViewController.m in Sources */ = {isa = PBXBuildFile; fileRef = 335BB8861AB97F0F0093909B /* ViewController.m */; };
		335BB88A1AB97F0F0093909B /* Main.storyboard in Resources */ = {isa = PBXBuildFile; fileRef = 335BB8881AB97F0F0093909B /* Main.storyboard */; };
		335BB88C1AB97F0F0093909B /* Images.xcassets in Resources */ = {isa = PBXBuildFile; fileRef = 335BB88B1AB97F0F0093909B /* Images.xcassets */; };
		335BB88F1AB97F0F0093909B /* LaunchScreen.xib in Resources */ = {isa = PBXBuildFile; fileRef = 335BB88D1AB97F0F0093909B /* LaunchScreen.xib */; };
		335BB89B1AB97F0F0093909B /* AWBTCChinaAPITests.m in Sources */ = {isa = PBXBuildFile; fileRef = 335BB89A1AB97F0F0093909B /* AWBTCChinaAPITests.m */; };
		B36C62BA0325B510357372DF /* libPods-AWBTCChinaAPI.a in Frameworks */ = {isa = PBXBuildFile; fileRef = 62879ED20E54ED0C755C6F7C /* libPods-AWBTCChinaAPI.a */; };
/* End PBXBuildFile section */

/* Begin PBXContainerItemProxy section */
		335BB8951AB97F0F0093909B /* PBXContainerItemProxy */ = {
			isa = PBXContainerItemProxy;
			containerPortal = 335BB8731AB97F0F0093909B /* Project object */;
			proxyType = 1;
			remoteGlobalIDString = 335BB87A1AB97F0F0093909B;
			remoteInfo = AWBTCChinaAPI;
		};
/* End PBXContainerItemProxy section */

/* Begin PBXFileReference section */
		335BB87B1AB97F0F0093909B /* AWBTCChinaAPI.app */ = {isa = PBXFileReference; explicitFileType = wrapper.application; includeInIndex = 0; path = AWBTCChinaAPI.app; sourceTree = BUILT_PRODUCTS_DIR; };
		335BB87F1AB97F0F0093909B /* Info.plist */ = {isa = PBXFileReference; lastKnownFileType = text.plist.xml; path = Info.plist; sourceTree = "<group>"; };
		335BB8801AB97F0F0093909B /* main.m */ = {isa = PBXFileReference; lastKnownFileType = sourcecode.c.objc; path = main.m; sourceTree = "<group>"; };
		335BB8821AB97F0F0093909B /* AppDelegate.h */ = {isa = PBXFileReference; lastKnownFileType = sourcecode.c.h; path = AppDelegate.h; sourceTree = "<group>"; };
		335BB8831AB97F0F0093909B /* AppDelegate.m */ = {isa = PBXFileReference; lastKnownFileType = sourcecode.c.objc; path = AppDelegate.m; sourceTree = "<group>"; };
		335BB8851AB97F0F0093909B /* ViewController.h */ = {isa = PBXFileReference; lastKnownFileType = sourcecode.c.h; path = ViewController.h; sourceTree = "<group>"; };
		335BB8861AB97F0F0093909B /* ViewController.m */ = {isa = PBXFileReference; lastKnownFileType = sourcecode.c.objc; path = ViewController.m; sourceTree = "<group>"; };
		335BB8891AB97F0F0093909B /* Base */ = {isa = PBXFileReference; lastKnownFileType = file.storyboard; name = Base; path = Base.lproj/Main.storyboard; sourceTree = "<group>"; };
		335BB88B1AB97F0F0093909B /* Images.xcassets */ = {isa = PBXFileReference; lastKnownFileType = folder.assetcatalog; path = Images.xcassets; sourceTree = "<group>"; };
		335BB88E1AB97F0F0093909B /* Base */ = {isa = PBXFileReference; lastKnownFileType = file.xib; name = Base; path = Base.lproj/LaunchScreen.xib; sourceTree = "<group>"; };
		335BB8941AB97F0F0093909B /* AWBTCChinaAPITests.xctest */ = {isa = PBXFileReference; explicitFileType = wrapper.cfbundle; includeInIndex = 0; path = AWBTCChinaAPITests.xctest; sourceTree = BUILT_PRODUCTS_DIR; };
		335BB8991AB97F0F0093909B /* Info.plist */ = {isa = PBXFileReference; lastKnownFileType = text.plist.xml; path = Info.plist; sourceTree = "<group>"; };
		335BB89A1AB97F0F0093909B /* AWBTCChinaAPITests.m */ = {isa = PBXFileReference; lastKnownFileType = sourcecode.c.objc; path = AWBTCChinaAPITests.m; sourceTree = "<group>"; };
		62879ED20E54ED0C755C6F7C /* libPods-AWBTCChinaAPI.a */ = {isa = PBXFileReference; explicitFileType = archive.ar; includeInIndex = 0; path = "libPods-AWBTCChinaAPI.a"; sourceTree = BUILT_PRODUCTS_DIR; };
		77F433740BBE8E9BD58E37A7 /* Pods-AWBTCChinaAPI.debug.xcconfig */ = {isa = PBXFileReference; includeInIndex = 1; lastKnownFileType = text.xcconfig; name = "Pods-AWBTCChinaAPI.debug.xcconfig"; path = "Pods/Target Support Files/Pods-AWBTCChinaAPI/Pods-AWBTCChinaAPI.debug.xcconfig"; sourceTree = "<group>"; };
		D08A55552AE8792697E4F15D /* Pods-AWBTCChinaAPI.release.xcconfig */ = {isa = PBXFileReference; includeInIndex = 1; lastKnownFileType = text.xcconfig; name = "Pods-AWBTCChinaAPI.release.xcconfig"; path = "Pods/Target Support Files/Pods-AWBTCChinaAPI/Pods-AWBTCChinaAPI.release.xcconfig"; sourceTree = "<group>"; };
/* End PBXFileReference section */

/* Begin PBXFrameworksBuildPhase section */
		335BB8781AB97F0F0093909B /* Frameworks */ = {
			isa = PBXFrameworksBuildPhase;
			buildActionMask = 2147483647;
			files = (
				B36C62BA0325B510357372DF /* libPods-AWBTCChinaAPI.a in Frameworks */,
			);
			runOnlyForDeploymentPostprocessing = 0;
		};
		335BB8911AB97F0F0093909B /* Frameworks */ = {
			isa = PBXFrameworksBuildPhase;
			buildActionMask = 2147483647;
			files = (
			);
			runOnlyForDeploymentPostprocessing = 0;
		};
/* End PBXFrameworksBuildPhase section */

/* Begin PBXGroup section */
		0C38DA4492EE2DB82CD18769 /* Pods */ = {
			isa = PBXGroup;
			children = (
				77F433740BBE8E9BD58E37A7 /* Pods-AWBTCChinaAPI.debug.xcconfig */,
				D08A55552AE8792697E4F15D /* Pods-AWBTCChinaAPI.release.xcconfig */,
			);
			name = Pods;
			sourceTree = "<group>";
		};
		2DB1BE8AEE869BF38A0B5E2E /* Frameworks */ = {
			isa = PBXGroup;
			children = (
				62879ED20E54ED0C755C6F7C /* libPods-AWBTCChinaAPI.a */,
			);
			name = Frameworks;
			sourceTree = "<group>";
		};
		335BB8721AB97F0F0093909B = {
			isa = PBXGroup;
			children = (
				335BB87D1AB97F0F0093909B /* AWBTCChinaAPI */,
				335BB8971AB97F0F0093909B /* AWBTCChinaAPITests */,
				335BB87C1AB97F0F0093909B /* Products */,
				0C38DA4492EE2DB82CD18769 /* Pods */,
				2DB1BE8AEE869BF38A0B5E2E /* Frameworks */,
			);
			sourceTree = "<group>";
		};
		335BB87C1AB97F0F0093909B /* Products */ = {
			isa = PBXGroup;
			children = (
				335BB87B1AB97F0F0093909B /* AWBTCChinaAPI.app */,
				335BB8941AB97F0F0093909B /* AWBTCChinaAPITests.xctest */,
			);
			name = Products;
			sourceTree = "<group>";
		};
		335BB87D1AB97F0F0093909B /* AWBTCChinaAPI */ = {
			isa = PBXGroup;
			children = (
				335BB8821AB97F0F0093909B /* AppDelegate.h */,
				335BB8831AB97F0F0093909B /* AppDelegate.m */,
				335BB8851AB97F0F0093909B /* ViewController.h */,
				335BB8861AB97F0F0093909B /* ViewController.m */,
				335BB8881AB97F0F0093909B /* Main.storyboard */,
				335BB88B1AB97F0F0093909B /* Images.xcassets */,
				335BB88D1AB97F0F0093909B /* LaunchScreen.xib */,
				335BB87E1AB97F0F0093909B /* Supporting Files */,
			);
			path = AWBTCChinaAPI;
			sourceTree = "<group>";
		};
		335BB87E1AB97F0F0093909B /* Supporting Files */ = {
			isa = PBXGroup;
			children = (
				335BB87F1AB97F0F0093909B /* Info.plist */,
				335BB8801AB97F0F0093909B /* main.m */,
			);
			name = "Supporting Files";
			sourceTree = "<group>";
		};
		335BB8971AB97F0F0093909B /* AWBTCChinaAPITests */ = {
			isa = PBXGroup;
			children = (
				335BB89A1AB97F0F0093909B /* AWBTCChinaAPITests.m */,
				335BB8981AB97F0F0093909B /* Supporting Files */,
			);
			path = AWBTCChinaAPITests;
			sourceTree = "<group>";
		};
		335BB8981AB97F0F0093909B /* Supporting Files */ = {
			isa = PBXGroup;
			children = (
				335BB8991AB97F0F0093909B /* Info.plist */,
			);
			name = "Supporting Files";
			sourceTree = "<group>";
		};
/* End PBXGroup section */

/* Begin PBXNativeTarget section */
		335BB87A1AB97F0F0093909B /* AWBTCChinaAPI */ = {
			isa = PBXNativeTarget;
			buildConfigurationList = 335BB89E1AB97F0F0093909B /* Build configuration list for PBXNativeTarget "AWBTCChinaAPI" */;
			buildPhases = (
				11665BDD8CEAC43706E196B2 /* Check Pods Manifest.lock */,
				335BB8771AB97F0F0093909B /* Sources */,
				335BB8781AB97F0F0093909B /* Frameworks */,
				335BB8791AB97F0F0093909B /* Resources */,
				46419CD8755AF4E0139F2EA8 /* Copy Pods Resources */,
			);
			buildRules = (
			);
			dependencies = (
			);
			name = AWBTCChinaAPI;
			productName = AWBTCChinaAPI;
			productReference = 335BB87B1AB97F0F0093909B /* AWBTCChinaAPI.app */;
			productType = "com.apple.product-type.application";
		};
		335BB8931AB97F0F0093909B /* AWBTCChinaAPITests */ = {
			isa = PBXNativeTarget;
			buildConfigurationList = 335BB8A11AB97F0F0093909B /* Build configuration list for PBXNativeTarget "AWBTCChinaAPITests" */;
			buildPhases = (
				335BB8901AB97F0F0093909B /* Sources */,
				335BB8911AB97F0F0093909B /* Frameworks */,
				335BB8921AB97F0F0093909B /* Resources */,
			);
			buildRules = (
			);
			dependencies = (
				335BB8961AB97F0F0093909B /* PBXTargetDependency */,
			);
			name = AWBTCChinaAPITests;
			productName = AWBTCChinaAPITests;
			productReference = 335BB8941AB97F0F0093909B /* AWBTCChinaAPITests.xctest */;
			productType = "com.apple.product-type.bundle.unit-test";
		};
/* End PBXNativeTarget section */

/* Begin PBXProject section */
		335BB8731AB97F0F0093909B /* Project object */ = {
			isa = PBXProject;
			attributes = {
				LastUpgradeCheck = 0620;
				ORGANIZATIONNAME = Aldaron;
				TargetAttributes = {
					335BB87A1AB97F0F0093909B = {
						CreatedOnToolsVersion = 6.2;
					};
					335BB8931AB97F0F0093909B = {
						CreatedOnToolsVersion = 6.2;
						TestTargetID = 335BB87A1AB97F0F0093909B;
					};
				};
			};
			buildConfigurationList = 335BB8761AB97F0F0093909B /* Build configuration list for PBXProject "AWBTCChinaAPI" */;
			compatibilityVersion = "Xcode 3.2";
			developmentRegion = English;
			hasScannedForEncodings = 0;
			knownRegions = (
				en,
				Base,
			);
			mainGroup = 335BB8721AB97F0F0093909B;
			productRefGroup = 335BB87C1AB97F0F0093909B /* Products */;
			projectDirPath = "";
			projectRoot = "";
			targets = (
				335BB87A1AB97F0F0093909B /* AWBTCChinaAPI */,
				335BB8931AB97F0F0093909B /* AWBTCChinaAPITests */,
			);
		};
/* End PBXProject section */

/* Begin PBXResourcesBuildPhase section */
		335BB8791AB97F0F0093909B /* Resources */ = {
			isa = PBXResourcesBuildPhase;
			buildActionMask = 2147483647;
			files = (
				335BB88A1AB97F0F0093909B /* Main.storyboard in Resources */,
				335BB88F1AB97F0F0093909B /* LaunchScreen.xib in Resources */,
				335BB88C1AB97F0F0093909B /* Images.xcassets in Resources */,
			);
			runOnlyForDeploymentPostprocessing = 0;
		};
		335BB8921AB97F0F0093909B /* Resources */ = {
			isa = PBXResourcesBuildPhase;
			buildActionMask = 2147483647;
			files = (
			);
			runOnlyForDeploymentPostprocessing = 0;
		};
/* End PBXResourcesBuildPhase section */

/* Begin PBXShellScriptBuildPhase section */
		11665BDD8CEAC43706E196B2 /* Check Pods Manifest.lock */ = {
			isa = PBXShellScriptBuildPhase;
			buildActionMask = 2147483647;
			files = (
			);
			inputPaths = (
			);
			name = "Check Pods Manifest.lock";
			outputPaths = (
			);
			runOnlyForDeploymentPostprocessing = 0;
			shellPath = /bin/sh;
			shellScript = "diff \"${PODS_ROOT}/../Podfile.lock\" \"${PODS_ROOT}/Manifest.lock\" > /dev/null\nif [[ $? != 0 ]] ; then\n    cat << EOM\nerror: The sandbox is not in sync with the Podfile.lock. Run 'pod install' or update your CocoaPods installation.\nEOM\n    exit 1\nfi\n";
			showEnvVarsInLog = 0;
		};
		46419CD8755AF4E0139F2EA8 /* Copy Pods Resources */ = {
			isa = PBXShellScriptBuildPhase;
			buildActionMask = 2147483647;
			files = (
			);
			inputPaths = (
			);
			name = "Copy Pods Resources";
			outputPaths = (
			);
			runOnlyForDeploymentPostprocessing = 0;
			shellPath = /bin/sh;
			shellScript = "\"${SRCROOT}/Pods/Target Support Files/Pods-AWBTCChinaAPI/Pods-AWBTCChinaAPI-resources.sh\"\n";
			showEnvVarsInLog = 0;
		};
/* End PBXShellScriptBuildPhase section */

/* Begin PBXSourcesBuildPhase section */
		335BB8771AB97F0F0093909B /* Sources */ = {
			isa = PBXSourcesBuildPhase;
			buildActionMask = 2147483647;
			files = (
				335BB8871AB97F0F0093909B /* ViewController.m in Sources */,
				335BB8841AB97F0F0093909B /* AppDelegate.m in Sources */,
				335BB8811AB97F0F0093909B /* main.m in Sources */,
			);
			runOnlyForDeploymentPostprocessing = 0;
		};
		335BB8901AB97F0F0093909B /* Sources */ = {
			isa = PBXSourcesBuildPhase;
			buildActionMask = 2147483647;
			files = (
				335BB89B1AB97F0F0093909B /* AWBTCChinaAPITests.m in Sources */,
			);
			runOnlyForDeploymentPostprocessing = 0;
		};
/* End PBXSourcesBuildPhase section */

/* Begin PBXTargetDependency section */
		335BB8961AB97F0F0093909B /* PBXTargetDependency */ = {
			isa = PBXTargetDependency;
			target = 335BB87A1AB97F0F0093909B /* AWBTCChinaAPI */;
			targetProxy = 335BB8951AB97F0F0093909B /* PBXContainerItemProxy */;
		};
/* End PBXTargetDependency section */

/* Begin PBXVariantGroup section */
		335BB8881AB97F0F0093909B /* Main.storyboard */ = {
			isa = PBXVariantGroup;
			children = (
				335BB8891AB97F0F0093909B /* Base */,
			);
			name = Main.storyboard;
			sourceTree = "<group>";
		};
		335BB88D1AB97F0F0093909B /* LaunchScreen.xib */ = {
			isa = PBXVariantGroup;
			children = (
				335BB88E1AB97F0F0093909B /* Base */,
			);
			name = LaunchScreen.xib;
			sourceTree = "<group>";
		};
/* End PBXVariantGroup section */

/* Begin XCBuildConfiguration section */
		335BB89C1AB97F0F0093909B /* Debug */ = {
			isa = XCBuildConfiguration;
			buildSettings = {
				ALWAYS_SEARCH_USER_PATHS = NO;
				CLANG_CXX_LANGUAGE_STANDARD = "gnu++0x";
				CLANG_CXX_LIBRARY = "libc++";
				CLANG_ENABLE_MODULES = YES;
				CLANG_ENABLE_OBJC_ARC = YES;
				CLANG_WARN_BOOL_CONVERSION = YES;
				CLANG_WARN_CONSTANT_CONVERSION = YES;
				CLANG_WARN_DIRECT_OBJC_ISA_USAGE = YES_ERROR;
				CLANG_WARN_EMPTY_BODY = YES;
				CLANG_WARN_ENUM_CONVERSION = YES;
				CLANG_WARN_INT_CONVERSION = YES;
				CLANG_WARN_OBJC_ROOT_CLASS = YES_ERROR;
				CLANG_WARN_UNREACHABLE_CODE = YES;
				CLANG_WARN__DUPLICATE_METHOD_MATCH = YES;
				"CODE_SIGN_IDENTITY[sdk=iphoneos*]" = "iPhone Developer";
				COPY_PHASE_STRIP = NO;
				ENABLE_STRICT_OBJC_MSGSEND = YES;
				GCC_C_LANGUAGE_STANDARD = gnu99;
				GCC_DYNAMIC_NO_PIC = NO;
				GCC_OPTIMIZATION_LEVEL = 0;
				GCC_PREPROCESSOR_DEFINITIONS = (
					"DEBUG=1",
					"$(inherited)",
				);
				GCC_SYMBOLS_PRIVATE_EXTERN = NO;
				GCC_WARN_64_TO_32_BIT_CONVERSION = YES;
				GCC_WARN_ABOUT_RETURN_TYPE = YES_ERROR;
				GCC_WARN_UNDECLARED_SELECTOR = YES;
				GCC_WARN_UNINITIALIZED_AUTOS = YES_AGGRESSIVE;
				GCC_WARN_UNUSED_FUNCTION = YES;
				GCC_WARN_UNUSED_VARIABLE = YES;
				IPHONEOS_DEPLOYMENT_TARGET = 8.2;
				MTL_ENABLE_DEBUG_INFO = YES;
				ONLY_ACTIVE_ARCH = YES;
				SDKROOT = iphoneos;
				TARGETED_DEVICE_FAMILY = "1,2";
			};
			name = Debug;
		};
		335BB89D1AB97F0F0093909B /* Release */ = {
			isa = XCBuildConfiguration;
			buildSettings = {
				ALWAYS_SEARCH_USER_PATHS = NO;
				CLANG_CXX_LANGUAGE_STANDARD = "gnu++0x";
				CLANG_CXX_LIBRARY = "libc++";
				CLANG_ENABLE_MODULES = YES;
				CLANG_ENABLE_OBJC_ARC = YES;
				CLANG_WARN_BOOL_CONVERSION = YES;
				CLANG_WARN_CONSTANT_CONVERSION = YES;
				CLANG_WARN_DIRECT_OBJC_ISA_USAGE = YES_ERROR;
				CLANG_WARN_EMPTY_BODY = YES;
				CLANG_WARN_ENUM_CONVERSION = YES;
				CLANG_WARN_INT_CONVERSION = YES;
				CLANG_WARN_OBJC_ROOT_CLASS = YES_ERROR;
				CLANG_WARN_UNREACHABLE_CODE = YES;
				CLANG_WARN__DUPLICATE_METHOD_MATCH = YES;
				"CODE_SIGN_IDENTITY[sdk=iphoneos*]" = "iPhone Developer";
				COPY_PHASE_STRIP = NO;
				ENABLE_NS_ASSERTIONS = NO;
				ENABLE_STRICT_OBJC_MSGSEND = YES;
				GCC_C_LANGUAGE_STANDARD = gnu99;
				GCC_WARN_64_TO_32_BIT_CONVERSION = YES;
				GCC_WARN_ABOUT_RETURN_TYPE = YES_ERROR;
				GCC_WARN_UNDECLARED_SELECTOR = YES;
				GCC_WARN_UNINITIALIZED_AUTOS = YES_AGGRESSIVE;
				GCC_WARN_UNUSED_FUNCTION = YES;
				GCC_WARN_UNUSED_VARIABLE = YES;
				IPHONEOS_DEPLOYMENT_TARGET = 8.2;
				MTL_ENABLE_DEBUG_INFO = NO;
				SDKROOT = iphoneos;
				TARGETED_DEVICE_FAMILY = "1,2";
				VALIDATE_PRODUCT = YES;
			};
			name = Release;
		};
		335BB89F1AB97F0F0093909B /* Debug */ = {
			isa = XCBuildConfiguration;
			baseConfigurationReference = 77F433740BBE8E9BD58E37A7 /* Pods-AWBTCChinaAPI.debug.xcconfig */;
			buildSettings = {
				ASSETCATALOG_COMPILER_APPICON_NAME = AppIcon;
				INFOPLIST_FILE = AWBTCChinaAPI/Info.plist;
				LD_RUNPATH_SEARCH_PATHS = "$(inherited) @executable_path/Frameworks";
				PRODUCT_NAME = "$(TARGET_NAME)";
			};
			name = Debug;
		};
		335BB8A01AB97F0F0093909B /* Release */ = {
			isa = XCBuildConfiguration;
			baseConfigurationReference = D08A55552AE8792697E4F15D /* Pods-AWBTCChinaAPI.release.xcconfig */;
			buildSettings = {
				ASSETCATALOG_COMPILER_APPICON_NAME = AppIcon;
				INFOPLIST_FILE = AWBTCChinaAPI/Info.plist;
				LD_RUNPATH_SEARCH_PATHS = "$(inherited) @executable_path/Frameworks";
				PRODUCT_NAME = "$(TARGET_NAME)";
			};
			name = Release;
		};
		335BB8A21AB97F0F0093909B /* Debug */ = {
			isa = XCBuildConfiguration;
			buildSettings = {
				BUNDLE_LOADER = "$(TEST_HOST)";
				FRAMEWORK_SEARCH_PATHS = (
					"$(SDKROOT)/Developer/Library/Frameworks",
					"$(inherited)",
				);
				GCC_PREPROCESSOR_DEFINITIONS = (
					"DEBUG=1",
					"$(inherited)",
				);
				INFOPLIST_FILE = AWBTCChinaAPITests/Info.plist;
				LD_RUNPATH_SEARCH_PATHS = "$(inherited) @executable_path/Frameworks @loader_path/Frameworks";
				PRODUCT_NAME = "$(TARGET_NAME)";
				TEST_HOST = "$(BUILT_PRODUCTS_DIR)/AWBTCChinaAPI.app/AWBTCChinaAPI";
			};
			name = Debug;
		};
		335BB8A31AB97F0F0093909B /* Release */ = {
			isa = XCBuildConfiguration;
			buildSettings = {
				BUNDLE_LOADER = "$(TEST_HOST)";
				FRAMEWORK_SEARCH_PATHS = (
					"$(SDKROOT)/Developer/Library/Frameworks",
					"$(inherited)",
				);
				INFOPLIST_FILE = AWBTCChinaAPITests/Info.plist;
				LD_RUNPATH_SEARCH_PATHS = "$(inherited) @executable_path/Frameworks @loader_path/Frameworks";
				PRODUCT_NAME = "$(TARGET_NAME)";
				TEST_HOST = "$(BUILT_PRODUCTS_DIR)/AWBTCChinaAPI.app/AWBTCChinaAPI";
			};
			name = Release;
		};
/* End XCBuildConfiguration section */

/* Begin XCConfigurationList section */
		335BB8761AB97F0F0093909B /* Build configuration list for PBXProject "AWBTCChinaAPI" */ = {
			isa = XCConfigurationList;
			buildConfigurations = (
				335BB89C1AB97F0F0093909B /* Debug */,
				335BB89D1AB97F0F0093909B /* Release */,
			);
			defaultConfigurationIsVisible = 0;
			defaultConfigurationName = Release;
		};
		335BB89E1AB97F0F0093909B /* Build configuration list for PBXNativeTarget "AWBTCChinaAPI" */ = {
			isa = XCConfigurationList;
			buildConfigurations = (
				335BB89F1AB97F0F0093909B /* Debug */,
				335BB8A01AB97F0F0093909B /* Release */,
			);
			defaultConfigurationIsVisible = 0;
			defaultConfigurationName = Release;
		};
		335BB8A11AB97F0F0093909B /* Build configuration list for PBXNativeTarget "AWBTCChinaAPITests" */ = {
			isa = XCConfigurationList;
			buildConfigurations = (
				335BB8A21AB97F0F0093909B /* Debug */,
				335BB8A31AB97F0F0093909B /* Release */,
			);
			defaultConfigurationIsVisible = 0;
			defaultConfigurationName = Release;
		};
/* End XCConfigurationList section */
	};
	rootObject = 335BB8731AB97F0F0093909B /* Project object */;
}
