// !$*UTF8*$!
{
	archiveVersion = 1;
	classes = {
	};
	objectVersion = 46;
	objects = {

/* Begin PBXBuildFile section */
		330D8D171AB98E5D00DC6E76 /* main.m in Sources */ = {isa = PBXBuildFile; fileRef = 330D8D161AB98E5D00DC6E76 /* main.m */; };
		330D8D1A1AB98E5D00DC6E76 /* AppDelegate.m in Sources */ = {isa = PBXBuildFile; fileRef = 330D8D191AB98E5D00DC6E76 /* AppDelegate.m */; };
		330D8D1D1AB98E5D00DC6E76 /* ViewController.m in Sources */ = {isa = PBXBuildFile; fileRef = 330D8D1C1AB98E5D00DC6E76 /* ViewController.m */; };
		330D8D201AB98E5D00DC6E76 /* Main.storyboard in Resources */ = {isa = PBXBuildFile; fileRef = 330D8D1E1AB98E5D00DC6E76 /* Main.storyboard */; };
		330D8D221AB98E5D00DC6E76 /* Images.xcassets in Resources */ = {isa = PBXBuildFile; fileRef = 330D8D211AB98E5D00DC6E76 /* Images.xcassets */; };
		330D8D251AB98E5D00DC6E76 /* LaunchScreen.xib in Resources */ = {isa = PBXBuildFile; fileRef = 330D8D231AB98E5D00DC6E76 /* LaunchScreen.xib */; };
		330D8D311AB98E5D00DC6E76 /* AWBTCChinaAPIDemoTests.m in Sources */ = {isa = PBXBuildFile; fileRef = 330D8D301AB98E5D00DC6E76 /* AWBTCChinaAPIDemoTests.m */; };
		330D8D791AB9950000DC6E76 /* BalanceModel.m in Sources */ = {isa = PBXBuildFile; fileRef = 330D8D6C1AB9950000DC6E76 /* BalanceModel.m */; };
		330D8D7B1AB9950000DC6E76 /* FrozenModel.m in Sources */ = {isa = PBXBuildFile; fileRef = 330D8D701AB9950000DC6E76 /* FrozenModel.m */; };
		330D8D7C1AB9950000DC6E76 /* LoanModel.m in Sources */ = {isa = PBXBuildFile; fileRef = 330D8D721AB9950000DC6E76 /* LoanModel.m */; };
		330D8D7D1AB9950000DC6E76 /* OrderModel.m in Sources */ = {isa = PBXBuildFile; fileRef = 330D8D741AB9950000DC6E76 /* OrderModel.m */; };
		330D8D7E1AB9950000DC6E76 /* ProfileModel.m in Sources */ = {isa = PBXBuildFile; fileRef = 330D8D761AB9950000DC6E76 /* ProfileModel.m */; };
		3347657B1ABA72420001DB5E /* DepositModel.m in Sources */ = {isa = PBXBuildFile; fileRef = 3347657A1ABA72420001DB5E /* DepositModel.m */; };
		3347657E1ABA72980001DB5E /* MarketDepthModel.m in Sources */ = {isa = PBXBuildFile; fileRef = 3347657D1ABA72980001DB5E /* MarketDepthModel.m */; };
		334765811ABA72EF0001DB5E /* WithdrawalModel.m in Sources */ = {isa = PBXBuildFile; fileRef = 334765801ABA72EF0001DB5E /* WithdrawalModel.m */; };
		334765841ABA73140001DB5E /* Bid&AskModel.m in Sources */ = {isa = PBXBuildFile; fileRef = 334765831ABA73140001DB5E /* Bid&AskModel.m */; };
		334765871ABA73280001DB5E /* TransactionModel.m in Sources */ = {isa = PBXBuildFile; fileRef = 334765861ABA73280001DB5E /* TransactionModel.m */; };
		3347658A1ABA73360001DB5E /* IcebergOrderModel.m in Sources */ = {isa = PBXBuildFile; fileRef = 334765891ABA73360001DB5E /* IcebergOrderModel.m */; };
		3347658D1ABA73850001DB5E /* OrderDetailModel.m in Sources */ = {isa = PBXBuildFile; fileRef = 3347658C1ABA73850001DB5E /* OrderDetailModel.m */; };
		334765901ABA73960001DB5E /* StopOrderModel.m in Sources */ = {isa = PBXBuildFile; fileRef = 3347658F1ABA73960001DB5E /* StopOrderModel.m */; };
		334765941ABA78A80001DB5E /* ErrorModel.m in Sources */ = {isa = PBXBuildFile; fileRef = 334765931ABA78A80001DB5E /* ErrorModel.m */; };
		334765971ABA7B5B0001DB5E /* AWBaseModel.m in Sources */ = {isa = PBXBuildFile; fileRef = 334765961ABA7B5B0001DB5E /* AWBaseModel.m */; };
		A5A4D71A14DD06F59B4ABFF9 /* libPods-AWBTCChinaAPIDemo.a in Frameworks */ = {isa = PBXBuildFile; fileRef = B8040E46D5D5D32DCFB94959 /* libPods-AWBTCChinaAPIDemo.a */; };
/* End PBXBuildFile section */

/* Begin PBXContainerItemProxy section */
		330D8D2B1AB98E5D00DC6E76 /* PBXContainerItemProxy */ = {
			isa = PBXContainerItemProxy;
			containerPortal = 330D8D091AB98E5D00DC6E76 /* Project object */;
			proxyType = 1;
			remoteGlobalIDString = 330D8D101AB98E5D00DC6E76;
			remoteInfo = AWBTCChinaAPIDemo;
		};
/* End PBXContainerItemProxy section */

/* Begin PBXFileReference section */
		330D8D111AB98E5D00DC6E76 /* AWBTCChinaAPIDemo.app */ = {isa = PBXFileReference; explicitFileType = wrapper.application; includeInIndex = 0; path = AWBTCChinaAPIDemo.app; sourceTree = BUILT_PRODUCTS_DIR; };
		330D8D151AB98E5D00DC6E76 /* Info.plist */ = {isa = PBXFileReference; lastKnownFileType = text.plist.xml; path = Info.plist; sourceTree = "<group>"; };
		330D8D161AB98E5D00DC6E76 /* main.m */ = {isa = PBXFileReference; lastKnownFileType = sourcecode.c.objc; path = main.m; sourceTree = "<group>"; };
		330D8D181AB98E5D00DC6E76 /* AppDelegate.h */ = {isa = PBXFileReference; lastKnownFileType = sourcecode.c.h; path = AppDelegate.h; sourceTree = "<group>"; };
		330D8D191AB98E5D00DC6E76 /* AppDelegate.m */ = {isa = PBXFileReference; lastKnownFileType = sourcecode.c.objc; path = AppDelegate.m; sourceTree = "<group>"; };
		330D8D1B1AB98E5D00DC6E76 /* ViewController.h */ = {isa = PBXFileReference; lastKnownFileType = sourcecode.c.h; path = ViewController.h; sourceTree = "<group>"; };
		330D8D1C1AB98E5D00DC6E76 /* ViewController.m */ = {isa = PBXFileReference; lastKnownFileType = sourcecode.c.objc; path = ViewController.m; sourceTree = "<group>"; };
		330D8D1F1AB98E5D00DC6E76 /* Base */ = {isa = PBXFileReference; lastKnownFileType = file.storyboard; name = Base; path = Base.lproj/Main.storyboard; sourceTree = "<group>"; };
		330D8D211AB98E5D00DC6E76 /* Images.xcassets */ = {isa = PBXFileReference; lastKnownFileType = folder.assetcatalog; path = Images.xcassets; sourceTree = "<group>"; };
		330D8D241AB98E5D00DC6E76 /* Base */ = {isa = PBXFileReference; lastKnownFileType = file.xib; name = Base; path = Base.lproj/LaunchScreen.xib; sourceTree = "<group>"; };
		330D8D2A1AB98E5D00DC6E76 /* AWBTCChinaAPIDemoTests.xctest */ = {isa = PBXFileReference; explicitFileType = wrapper.cfbundle; includeInIndex = 0; path = AWBTCChinaAPIDemoTests.xctest; sourceTree = BUILT_PRODUCTS_DIR; };
		330D8D2F1AB98E5D00DC6E76 /* Info.plist */ = {isa = PBXFileReference; lastKnownFileType = text.plist.xml; path = Info.plist; sourceTree = "<group>"; };
		330D8D301AB98E5D00DC6E76 /* AWBTCChinaAPIDemoTests.m */ = {isa = PBXFileReference; lastKnownFileType = sourcecode.c.objc; path = AWBTCChinaAPIDemoTests.m; sourceTree = "<group>"; };
		330D8D6B1AB9950000DC6E76 /* BalanceModel.h */ = {isa = PBXFileReference; fileEncoding = 4; lastKnownFileType = sourcecode.c.h; path = BalanceModel.h; sourceTree = "<group>"; };
		330D8D6C1AB9950000DC6E76 /* BalanceModel.m */ = {isa = PBXFileReference; fileEncoding = 4; lastKnownFileType = sourcecode.c.objc; path = BalanceModel.m; sourceTree = "<group>"; };
		330D8D6F1AB9950000DC6E76 /* FrozenModel.h */ = {isa = PBXFileReference; fileEncoding = 4; lastKnownFileType = sourcecode.c.h; path = FrozenModel.h; sourceTree = "<group>"; };
		330D8D701AB9950000DC6E76 /* FrozenModel.m */ = {isa = PBXFileReference; fileEncoding = 4; lastKnownFileType = sourcecode.c.objc; path = FrozenModel.m; sourceTree = "<group>"; };
		330D8D711AB9950000DC6E76 /* LoanModel.h */ = {isa = PBXFileReference; fileEncoding = 4; lastKnownFileType = sourcecode.c.h; path = LoanModel.h; sourceTree = "<group>"; };
		330D8D721AB9950000DC6E76 /* LoanModel.m */ = {isa = PBXFileReference; fileEncoding = 4; lastKnownFileType = sourcecode.c.objc; path = LoanModel.m; sourceTree = "<group>"; };
		330D8D731AB9950000DC6E76 /* OrderModel.h */ = {isa = PBXFileReference; fileEncoding = 4; lastKnownFileType = sourcecode.c.h; path = OrderModel.h; sourceTree = "<group>"; };
		330D8D741AB9950000DC6E76 /* OrderModel.m */ = {isa = PBXFileReference; fileEncoding = 4; lastKnownFileType = sourcecode.c.objc; path = OrderModel.m; sourceTree = "<group>"; };
		330D8D751AB9950000DC6E76 /* ProfileModel.h */ = {isa = PBXFileReference; fileEncoding = 4; lastKnownFileType = sourcecode.c.h; path = ProfileModel.h; sourceTree = "<group>"; };
		330D8D761AB9950000DC6E76 /* ProfileModel.m */ = {isa = PBXFileReference; fileEncoding = 4; lastKnownFileType = sourcecode.c.objc; path = ProfileModel.m; sourceTree = "<group>"; };
		334765791ABA72420001DB5E /* DepositModel.h */ = {isa = PBXFileReference; fileEncoding = 4; lastKnownFileType = sourcecode.c.h; path = DepositModel.h; sourceTree = "<group>"; };
		3347657A1ABA72420001DB5E /* DepositModel.m */ = {isa = PBXFileReference; fileEncoding = 4; lastKnownFileType = sourcecode.c.objc; path = DepositModel.m; sourceTree = "<group>"; };
		3347657C1ABA72980001DB5E /* MarketDepthModel.h */ = {isa = PBXFileReference; fileEncoding = 4; lastKnownFileType = sourcecode.c.h; path = MarketDepthModel.h; sourceTree = "<group>"; };
		3347657D1ABA72980001DB5E /* MarketDepthModel.m */ = {isa = PBXFileReference; fileEncoding = 4; lastKnownFileType = sourcecode.c.objc; path = MarketDepthModel.m; sourceTree = "<group>"; };
		3347657F1ABA72EF0001DB5E /* WithdrawalModel.h */ = {isa = PBXFileReference; fileEncoding = 4; lastKnownFileType = sourcecode.c.h; path = WithdrawalModel.h; sourceTree = "<group>"; };
		334765801ABA72EF0001DB5E /* WithdrawalModel.m */ = {isa = PBXFileReference; fileEncoding = 4; lastKnownFileType = sourcecode.c.objc; path = WithdrawalModel.m; sourceTree = "<group>"; };
		334765821ABA73140001DB5E /* Bid&AskModel.h */ = {isa = PBXFileReference; fileEncoding = 4; lastKnownFileType = sourcecode.c.h; path = "Bid&AskModel.h"; sourceTree = "<group>"; };
		334765831ABA73140001DB5E /* Bid&AskModel.m */ = {isa = PBXFileReference; fileEncoding = 4; lastKnownFileType = sourcecode.c.objc; path = "Bid&AskModel.m"; sourceTree = "<group>"; };
		334765851ABA73280001DB5E /* TransactionModel.h */ = {isa = PBXFileReference; fileEncoding = 4; lastKnownFileType = sourcecode.c.h; path = TransactionModel.h; sourceTree = "<group>"; };
		334765861ABA73280001DB5E /* TransactionModel.m */ = {isa = PBXFileReference; fileEncoding = 4; lastKnownFileType = sourcecode.c.objc; path = TransactionModel.m; sourceTree = "<group>"; };
		334765881ABA73360001DB5E /* IcebergOrderModel.h */ = {isa = PBXFileReference; fileEncoding = 4; lastKnownFileType = sourcecode.c.h; path = IcebergOrderModel.h; sourceTree = "<group>"; };
		334765891ABA73360001DB5E /* IcebergOrderModel.m */ = {isa = PBXFileReference; fileEncoding = 4; lastKnownFileType = sourcecode.c.objc; path = IcebergOrderModel.m; sourceTree = "<group>"; };
		3347658B1ABA73850001DB5E /* OrderDetailModel.h */ = {isa = PBXFileReference; fileEncoding = 4; lastKnownFileType = sourcecode.c.h; path = OrderDetailModel.h; sourceTree = "<group>"; };
		3347658C1ABA73850001DB5E /* OrderDetailModel.m */ = {isa = PBXFileReference; fileEncoding = 4; lastKnownFileType = sourcecode.c.objc; path = OrderDetailModel.m; sourceTree = "<group>"; };
		3347658E1ABA73960001DB5E /* StopOrderModel.h */ = {isa = PBXFileReference; fileEncoding = 4; lastKnownFileType = sourcecode.c.h; path = StopOrderModel.h; sourceTree = "<group>"; };
		3347658F1ABA73960001DB5E /* StopOrderModel.m */ = {isa = PBXFileReference; fileEncoding = 4; lastKnownFileType = sourcecode.c.objc; path = StopOrderModel.m; sourceTree = "<group>"; };
		334765921ABA78A80001DB5E /* ErrorModel.h */ = {isa = PBXFileReference; fileEncoding = 4; lastKnownFileType = sourcecode.c.h; path = ErrorModel.h; sourceTree = "<group>"; };
		334765931ABA78A80001DB5E /* ErrorModel.m */ = {isa = PBXFileReference; fileEncoding = 4; lastKnownFileType = sourcecode.c.objc; path = ErrorModel.m; sourceTree = "<group>"; };
		334765951ABA7B5B0001DB5E /* AWBaseModel.h */ = {isa = PBXFileReference; fileEncoding = 4; lastKnownFileType = sourcecode.c.h; name = AWBaseModel.h; path = Base/AWBaseModel.h; sourceTree = "<group>"; };
		334765961ABA7B5B0001DB5E /* AWBaseModel.m */ = {isa = PBXFileReference; fileEncoding = 4; lastKnownFileType = sourcecode.c.objc; name = AWBaseModel.m; path = Base/AWBaseModel.m; sourceTree = "<group>"; };
		6DBE7350C5235CE7838D5274 /* Pods-AWBTCChinaAPIDemo.debug.xcconfig */ = {isa = PBXFileReference; includeInIndex = 1; lastKnownFileType = text.xcconfig; name = "Pods-AWBTCChinaAPIDemo.debug.xcconfig"; path = "Pods/Target Support Files/Pods-AWBTCChinaAPIDemo/Pods-AWBTCChinaAPIDemo.debug.xcconfig"; sourceTree = "<group>"; };
		854CFA5EC1A9744513765712 /* Pods-AWBTCChinaAPIDemo.release.xcconfig */ = {isa = PBXFileReference; includeInIndex = 1; lastKnownFileType = text.xcconfig; name = "Pods-AWBTCChinaAPIDemo.release.xcconfig"; path = "Pods/Target Support Files/Pods-AWBTCChinaAPIDemo/Pods-AWBTCChinaAPIDemo.release.xcconfig"; sourceTree = "<group>"; };
		B8040E46D5D5D32DCFB94959 /* libPods-AWBTCChinaAPIDemo.a */ = {isa = PBXFileReference; explicitFileType = archive.ar; includeInIndex = 0; path = "libPods-AWBTCChinaAPIDemo.a"; sourceTree = BUILT_PRODUCTS_DIR; };
/* End PBXFileReference section */

/* Begin PBXFrameworksBuildPhase section */
		330D8D0E1AB98E5D00DC6E76 /* Frameworks */ = {
			isa = PBXFrameworksBuildPhase;
			buildActionMask = 2147483647;
			files = (
				A5A4D71A14DD06F59B4ABFF9 /* libPods-AWBTCChinaAPIDemo.a in Frameworks */,
			);
			runOnlyForDeploymentPostprocessing = 0;
		};
		330D8D271AB98E5D00DC6E76 /* Frameworks */ = {
			isa = PBXFrameworksBuildPhase;
			buildActionMask = 2147483647;
			files = (
			);
			runOnlyForDeploymentPostprocessing = 0;
		};
/* End PBXFrameworksBuildPhase section */

/* Begin PBXGroup section */
		330D8D081AB98E5D00DC6E76 = {
			isa = PBXGroup;
			children = (
				330D8D131AB98E5D00DC6E76 /* AWBTCChinaAPIDemo */,
				330D8D2D1AB98E5D00DC6E76 /* AWBTCChinaAPIDemoTests */,
				330D8D121AB98E5D00DC6E76 /* Products */,
				9B6DB8AB780C4FB2658DD770 /* Pods */,
				3B602CB8E5F6B32386D33CFD /* Frameworks */,
			);
			sourceTree = "<group>";
		};
		330D8D121AB98E5D00DC6E76 /* Products */ = {
			isa = PBXGroup;
			children = (
				330D8D111AB98E5D00DC6E76 /* AWBTCChinaAPIDemo.app */,
				330D8D2A1AB98E5D00DC6E76 /* AWBTCChinaAPIDemoTests.xctest */,
			);
			name = Products;
			sourceTree = "<group>";
		};
		330D8D131AB98E5D00DC6E76 /* AWBTCChinaAPIDemo */ = {
			isa = PBXGroup;
			children = (
				330D8D691AB9950000DC6E76 /* AWBTCChinaAPI */,
				330D8D181AB98E5D00DC6E76 /* AppDelegate.h */,
				330D8D191AB98E5D00DC6E76 /* AppDelegate.m */,
				330D8D1B1AB98E5D00DC6E76 /* ViewController.h */,
				330D8D1C1AB98E5D00DC6E76 /* ViewController.m */,
				330D8D1E1AB98E5D00DC6E76 /* Main.storyboard */,
				330D8D211AB98E5D00DC6E76 /* Images.xcassets */,
				330D8D231AB98E5D00DC6E76 /* LaunchScreen.xib */,
				330D8D141AB98E5D00DC6E76 /* Supporting Files */,
			);
			path = AWBTCChinaAPIDemo;
			sourceTree = "<group>";
		};
		330D8D141AB98E5D00DC6E76 /* Supporting Files */ = {
			isa = PBXGroup;
			children = (
				330D8D151AB98E5D00DC6E76 /* Info.plist */,
				330D8D161AB98E5D00DC6E76 /* main.m */,
			);
			name = "Supporting Files";
			sourceTree = "<group>";
		};
		330D8D2D1AB98E5D00DC6E76 /* AWBTCChinaAPIDemoTests */ = {
			isa = PBXGroup;
			children = (
				330D8D301AB98E5D00DC6E76 /* AWBTCChinaAPIDemoTests.m */,
				330D8D2E1AB98E5D00DC6E76 /* Supporting Files */,
			);
			path = AWBTCChinaAPIDemoTests;
			sourceTree = "<group>";
		};
		330D8D2E1AB98E5D00DC6E76 /* Supporting Files */ = {
			isa = PBXGroup;
			children = (
				330D8D2F1AB98E5D00DC6E76 /* Info.plist */,
			);
			name = "Supporting Files";
			sourceTree = "<group>";
		};
		330D8D691AB9950000DC6E76 /* AWBTCChinaAPI */ = {
			isa = PBXGroup;
			children = (
				330D8D6A1AB9950000DC6E76 /* Model */,
			);
			name = AWBTCChinaAPI;
			path = ../../AWBTCChinaAPI;
			sourceTree = "<group>";
		};
		330D8D6A1AB9950000DC6E76 /* Model */ = {
			isa = PBXGroup;
			children = (
				330D8D6B1AB9950000DC6E76 /* BalanceModel.h */,
				330D8D6C1AB9950000DC6E76 /* BalanceModel.m */,
				334765981ABA7B5F0001DB5E /* Base */,
				334765821ABA73140001DB5E /* Bid&AskModel.h */,
				334765831ABA73140001DB5E /* Bid&AskModel.m */,
				334765791ABA72420001DB5E /* DepositModel.h */,
				3347657A1ABA72420001DB5E /* DepositModel.m */,
				334765911ABA78A80001DB5E /* Error */,
				330D8D6F1AB9950000DC6E76 /* FrozenModel.h */,
				330D8D701AB9950000DC6E76 /* FrozenModel.m */,
				334765881ABA73360001DB5E /* IcebergOrderModel.h */,
				334765891ABA73360001DB5E /* IcebergOrderModel.m */,
				330D8D711AB9950000DC6E76 /* LoanModel.h */,
				330D8D721AB9950000DC6E76 /* LoanModel.m */,
				3347657C1ABA72980001DB5E /* MarketDepthModel.h */,
				3347657D1ABA72980001DB5E /* MarketDepthModel.m */,
				3347658B1ABA73850001DB5E /* OrderDetailModel.h */,
				3347658C1ABA73850001DB5E /* OrderDetailModel.m */,
				330D8D731AB9950000DC6E76 /* OrderModel.h */,
				330D8D741AB9950000DC6E76 /* OrderModel.m */,
				330D8D751AB9950000DC6E76 /* ProfileModel.h */,
				330D8D761AB9950000DC6E76 /* ProfileModel.m */,
				3347658E1ABA73960001DB5E /* StopOrderModel.h */,
				3347658F1ABA73960001DB5E /* StopOrderModel.m */,
				334765851ABA73280001DB5E /* TransactionModel.h */,
				334765861ABA73280001DB5E /* TransactionModel.m */,
				3347657F1ABA72EF0001DB5E /* WithdrawalModel.h */,
				334765801ABA72EF0001DB5E /* WithdrawalModel.m */,
			);
			path = Model;
			sourceTree = "<group>";
		};
		334765911ABA78A80001DB5E /* Error */ = {
			isa = PBXGroup;
			children = (
				334765921ABA78A80001DB5E /* ErrorModel.h */,
				334765931ABA78A80001DB5E /* ErrorModel.m */,
			);
			path = Error;
			sourceTree = "<group>";
		};
		334765981ABA7B5F0001DB5E /* Base */ = {
			isa = PBXGroup;
			children = (
				334765951ABA7B5B0001DB5E /* AWBaseModel.h */,
				334765961ABA7B5B0001DB5E /* AWBaseModel.m */,
			);
			name = Base;
			sourceTree = "<group>";
		};
		3B602CB8E5F6B32386D33CFD /* Frameworks */ = {
			isa = PBXGroup;
			children = (
				B8040E46D5D5D32DCFB94959 /* libPods-AWBTCChinaAPIDemo.a */,
			);
			name = Frameworks;
			sourceTree = "<group>";
		};
		9B6DB8AB780C4FB2658DD770 /* Pods */ = {
			isa = PBXGroup;
			children = (
				6DBE7350C5235CE7838D5274 /* Pods-AWBTCChinaAPIDemo.debug.xcconfig */,
				854CFA5EC1A9744513765712 /* Pods-AWBTCChinaAPIDemo.release.xcconfig */,
			);
			name = Pods;
			sourceTree = "<group>";
		};
/* End PBXGroup section */

/* Begin PBXNativeTarget section */
		330D8D101AB98E5D00DC6E76 /* AWBTCChinaAPIDemo */ = {
			isa = PBXNativeTarget;
			buildConfigurationList = 330D8D341AB98E5D00DC6E76 /* Build configuration list for PBXNativeTarget "AWBTCChinaAPIDemo" */;
			buildPhases = (
				6086C73BF77FDF0F7A113831 /* Check Pods Manifest.lock */,
				330D8D0D1AB98E5D00DC6E76 /* Sources */,
				330D8D0E1AB98E5D00DC6E76 /* Frameworks */,
				330D8D0F1AB98E5D00DC6E76 /* Resources */,
				5EBA28AF9C63E2AF6F90DBBB /* Copy Pods Resources */,
			);
			buildRules = (
			);
			dependencies = (
			);
			name = AWBTCChinaAPIDemo;
			productName = AWBTCChinaAPIDemo;
			productReference = 330D8D111AB98E5D00DC6E76 /* AWBTCChinaAPIDemo.app */;
			productType = "com.apple.product-type.application";
		};
		330D8D291AB98E5D00DC6E76 /* AWBTCChinaAPIDemoTests */ = {
			isa = PBXNativeTarget;
			buildConfigurationList = 330D8D371AB98E5D00DC6E76 /* Build configuration list for PBXNativeTarget "AWBTCChinaAPIDemoTests" */;
			buildPhases = (
				330D8D261AB98E5D00DC6E76 /* Sources */,
				330D8D271AB98E5D00DC6E76 /* Frameworks */,
				330D8D281AB98E5D00DC6E76 /* Resources */,
			);
			buildRules = (
			);
			dependencies = (
				330D8D2C1AB98E5D00DC6E76 /* PBXTargetDependency */,
			);
			name = AWBTCChinaAPIDemoTests;
			productName = AWBTCChinaAPIDemoTests;
			productReference = 330D8D2A1AB98E5D00DC6E76 /* AWBTCChinaAPIDemoTests.xctest */;
			productType = "com.apple.product-type.bundle.unit-test";
		};
/* End PBXNativeTarget section */

/* Begin PBXProject section */
		330D8D091AB98E5D00DC6E76 /* Project object */ = {
			isa = PBXProject;
			attributes = {
				LastUpgradeCheck = 0620;
				ORGANIZATIONNAME = Aldaron;
				TargetAttributes = {
					330D8D101AB98E5D00DC6E76 = {
						CreatedOnToolsVersion = 6.2;
					};
					330D8D291AB98E5D00DC6E76 = {
						CreatedOnToolsVersion = 6.2;
						TestTargetID = 330D8D101AB98E5D00DC6E76;
					};
				};
			};
			buildConfigurationList = 330D8D0C1AB98E5D00DC6E76 /* Build configuration list for PBXProject "AWBTCChinaAPIDemo" */;
			compatibilityVersion = "Xcode 3.2";
			developmentRegion = English;
			hasScannedForEncodings = 0;
			knownRegions = (
				en,
				Base,
			);
			mainGroup = 330D8D081AB98E5D00DC6E76;
			productRefGroup = 330D8D121AB98E5D00DC6E76 /* Products */;
			projectDirPath = "";
			projectRoot = "";
			targets = (
				330D8D101AB98E5D00DC6E76 /* AWBTCChinaAPIDemo */,
				330D8D291AB98E5D00DC6E76 /* AWBTCChinaAPIDemoTests */,
			);
		};
/* End PBXProject section */

/* Begin PBXResourcesBuildPhase section */
		330D8D0F1AB98E5D00DC6E76 /* Resources */ = {
			isa = PBXResourcesBuildPhase;
			buildActionMask = 2147483647;
			files = (
				330D8D201AB98E5D00DC6E76 /* Main.storyboard in Resources */,
				330D8D251AB98E5D00DC6E76 /* LaunchScreen.xib in Resources */,
				330D8D221AB98E5D00DC6E76 /* Images.xcassets in Resources */,
			);
			runOnlyForDeploymentPostprocessing = 0;
		};
		330D8D281AB98E5D00DC6E76 /* Resources */ = {
			isa = PBXResourcesBuildPhase;
			buildActionMask = 2147483647;
			files = (
			);
			runOnlyForDeploymentPostprocessing = 0;
		};
/* End PBXResourcesBuildPhase section */

/* Begin PBXShellScriptBuildPhase section */
		5EBA28AF9C63E2AF6F90DBBB /* Copy Pods Resources */ = {
			isa = PBXShellScriptBuildPhase;
			buildActionMask = 2147483647;
			files = (
			);
			inputPaths = (
			);
			name = "Copy Pods Resources";
			outputPaths = (
			);
			runOnlyForDeploymentPostprocessing = 0;
			shellPath = /bin/sh;
			shellScript = "\"${SRCROOT}/Pods/Target Support Files/Pods-AWBTCChinaAPIDemo/Pods-AWBTCChinaAPIDemo-resources.sh\"\n";
			showEnvVarsInLog = 0;
		};
		6086C73BF77FDF0F7A113831 /* Check Pods Manifest.lock */ = {
			isa = PBXShellScriptBuildPhase;
			buildActionMask = 2147483647;
			files = (
			);
			inputPaths = (
			);
			name = "Check Pods Manifest.lock";
			outputPaths = (
			);
			runOnlyForDeploymentPostprocessing = 0;
			shellPath = /bin/sh;
			shellScript = "diff \"${PODS_ROOT}/../Podfile.lock\" \"${PODS_ROOT}/Manifest.lock\" > /dev/null\nif [[ $? != 0 ]] ; then\n    cat << EOM\nerror: The sandbox is not in sync with the Podfile.lock. Run 'pod install' or update your CocoaPods installation.\nEOM\n    exit 1\nfi\n";
			showEnvVarsInLog = 0;
		};
/* End PBXShellScriptBuildPhase section */

/* Begin PBXSourcesBuildPhase section */
		330D8D0D1AB98E5D00DC6E76 /* Sources */ = {
			isa = PBXSourcesBuildPhase;
			buildActionMask = 2147483647;
			files = (
				334765971ABA7B5B0001DB5E /* AWBaseModel.m in Sources */,
				334765811ABA72EF0001DB5E /* WithdrawalModel.m in Sources */,
				330D8D791AB9950000DC6E76 /* BalanceModel.m in Sources */,
				330D8D7B1AB9950000DC6E76 /* FrozenModel.m in Sources */,
				330D8D7C1AB9950000DC6E76 /* LoanModel.m in Sources */,
				3347657B1ABA72420001DB5E /* DepositModel.m in Sources */,
				330D8D1D1AB98E5D00DC6E76 /* ViewController.m in Sources */,
				3347658A1ABA73360001DB5E /* IcebergOrderModel.m in Sources */,
				330D8D7D1AB9950000DC6E76 /* OrderModel.m in Sources */,
				3347657E1ABA72980001DB5E /* MarketDepthModel.m in Sources */,
				334765871ABA73280001DB5E /* TransactionModel.m in Sources */,
				330D8D1A1AB98E5D00DC6E76 /* AppDelegate.m in Sources */,
				330D8D171AB98E5D00DC6E76 /* main.m in Sources */,
				330D8D7E1AB9950000DC6E76 /* ProfileModel.m in Sources */,
				334765941ABA78A80001DB5E /* ErrorModel.m in Sources */,
				3347658D1ABA73850001DB5E /* OrderDetailModel.m in Sources */,
				334765841ABA73140001DB5E /* Bid&AskModel.m in Sources */,
				334765901ABA73960001DB5E /* StopOrderModel.m in Sources */,
			);
			runOnlyForDeploymentPostprocessing = 0;
		};
		330D8D261AB98E5D00DC6E76 /* Sources */ = {
			isa = PBXSourcesBuildPhase;
			buildActionMask = 2147483647;
			files = (
				330D8D311AB98E5D00DC6E76 /* AWBTCChinaAPIDemoTests.m in Sources */,
			);
			runOnlyForDeploymentPostprocessing = 0;
		};
/* End PBXSourcesBuildPhase section */

/* Begin PBXTargetDependency section */
		330D8D2C1AB98E5D00DC6E76 /* PBXTargetDependency */ = {
			isa = PBXTargetDependency;
			target = 330D8D101AB98E5D00DC6E76 /* AWBTCChinaAPIDemo */;
			targetProxy = 330D8D2B1AB98E5D00DC6E76 /* PBXContainerItemProxy */;
		};
/* End PBXTargetDependency section */

/* Begin PBXVariantGroup section */
		330D8D1E1AB98E5D00DC6E76 /* Main.storyboard */ = {
			isa = PBXVariantGroup;
			children = (
				330D8D1F1AB98E5D00DC6E76 /* Base */,
			);
			name = Main.storyboard;
			sourceTree = "<group>";
		};
		330D8D231AB98E5D00DC6E76 /* LaunchScreen.xib */ = {
			isa = PBXVariantGroup;
			children = (
				330D8D241AB98E5D00DC6E76 /* Base */,
			);
			name = LaunchScreen.xib;
			sourceTree = "<group>";
		};
/* End PBXVariantGroup section */

/* Begin XCBuildConfiguration section */
		330D8D321AB98E5D00DC6E76 /* Debug */ = {
			isa = XCBuildConfiguration;
			buildSettings = {
				ALWAYS_SEARCH_USER_PATHS = NO;
				CLANG_CXX_LANGUAGE_STANDARD = "gnu++0x";
				CLANG_CXX_LIBRARY = "libc++";
				CLANG_ENABLE_MODULES = YES;
				CLANG_ENABLE_OBJC_ARC = YES;
				CLANG_WARN_BOOL_CONVERSION = YES;
				CLANG_WARN_CONSTANT_CONVERSION = YES;
				CLANG_WARN_DIRECT_OBJC_ISA_USAGE = YES_ERROR;
				CLANG_WARN_EMPTY_BODY = YES;
				CLANG_WARN_ENUM_CONVERSION = YES;
				CLANG_WARN_INT_CONVERSION = YES;
				CLANG_WARN_OBJC_ROOT_CLASS = YES_ERROR;
				CLANG_WARN_UNREACHABLE_CODE = YES;
				CLANG_WARN__DUPLICATE_METHOD_MATCH = YES;
				"CODE_SIGN_IDENTITY[sdk=iphoneos*]" = "iPhone Developer";
				COPY_PHASE_STRIP = NO;
				ENABLE_STRICT_OBJC_MSGSEND = YES;
				GCC_C_LANGUAGE_STANDARD = gnu99;
				GCC_DYNAMIC_NO_PIC = NO;
				GCC_OPTIMIZATION_LEVEL = 0;
				GCC_PREPROCESSOR_DEFINITIONS = (
					"DEBUG=1",
					"$(inherited)",
				);
				GCC_SYMBOLS_PRIVATE_EXTERN = NO;
				GCC_WARN_64_TO_32_BIT_CONVERSION = YES;
				GCC_WARN_ABOUT_RETURN_TYPE = YES_ERROR;
				GCC_WARN_UNDECLARED_SELECTOR = YES;
				GCC_WARN_UNINITIALIZED_AUTOS = YES_AGGRESSIVE;
				GCC_WARN_UNUSED_FUNCTION = YES;
				GCC_WARN_UNUSED_VARIABLE = YES;
				IPHONEOS_DEPLOYMENT_TARGET = 8.2;
				MTL_ENABLE_DEBUG_INFO = YES;
				ONLY_ACTIVE_ARCH = YES;
				SDKROOT = iphoneos;
				TARGETED_DEVICE_FAMILY = "1,2";
			};
			name = Debug;
		};
		330D8D331AB98E5D00DC6E76 /* Release */ = {
			isa = XCBuildConfiguration;
			buildSettings = {
				ALWAYS_SEARCH_USER_PATHS = NO;
				CLANG_CXX_LANGUAGE_STANDARD = "gnu++0x";
				CLANG_CXX_LIBRARY = "libc++";
				CLANG_ENABLE_MODULES = YES;
				CLANG_ENABLE_OBJC_ARC = YES;
				CLANG_WARN_BOOL_CONVERSION = YES;
				CLANG_WARN_CONSTANT_CONVERSION = YES;
				CLANG_WARN_DIRECT_OBJC_ISA_USAGE = YES_ERROR;
				CLANG_WARN_EMPTY_BODY = YES;
				CLANG_WARN_ENUM_CONVERSION = YES;
				CLANG_WARN_INT_CONVERSION = YES;
				CLANG_WARN_OBJC_ROOT_CLASS = YES_ERROR;
				CLANG_WARN_UNREACHABLE_CODE = YES;
				CLANG_WARN__DUPLICATE_METHOD_MATCH = YES;
				"CODE_SIGN_IDENTITY[sdk=iphoneos*]" = "iPhone Developer";
				COPY_PHASE_STRIP = NO;
				ENABLE_NS_ASSERTIONS = NO;
				ENABLE_STRICT_OBJC_MSGSEND = YES;
				GCC_C_LANGUAGE_STANDARD = gnu99;
				GCC_WARN_64_TO_32_BIT_CONVERSION = YES;
				GCC_WARN_ABOUT_RETURN_TYPE = YES_ERROR;
				GCC_WARN_UNDECLARED_SELECTOR = YES;
				GCC_WARN_UNINITIALIZED_AUTOS = YES_AGGRESSIVE;
				GCC_WARN_UNUSED_FUNCTION = YES;
				GCC_WARN_UNUSED_VARIABLE = YES;
				IPHONEOS_DEPLOYMENT_TARGET = 8.2;
				MTL_ENABLE_DEBUG_INFO = NO;
				SDKROOT = iphoneos;
				TARGETED_DEVICE_FAMILY = "1,2";
				VALIDATE_PRODUCT = YES;
			};
			name = Release;
		};
		330D8D351AB98E5D00DC6E76 /* Debug */ = {
			isa = XCBuildConfiguration;
			baseConfigurationReference = 6DBE7350C5235CE7838D5274 /* Pods-AWBTCChinaAPIDemo.debug.xcconfig */;
			buildSettings = {
				ASSETCATALOG_COMPILER_APPICON_NAME = AppIcon;
				INFOPLIST_FILE = AWBTCChinaAPIDemo/Info.plist;
				LD_RUNPATH_SEARCH_PATHS = "$(inherited) @executable_path/Frameworks";
				PRODUCT_NAME = "$(TARGET_NAME)";
			};
			name = Debug;
		};
		330D8D361AB98E5D00DC6E76 /* Release */ = {
			isa = XCBuildConfiguration;
			baseConfigurationReference = 854CFA5EC1A9744513765712 /* Pods-AWBTCChinaAPIDemo.release.xcconfig */;
			buildSettings = {
				ASSETCATALOG_COMPILER_APPICON_NAME = AppIcon;
				INFOPLIST_FILE = AWBTCChinaAPIDemo/Info.plist;
				LD_RUNPATH_SEARCH_PATHS = "$(inherited) @executable_path/Frameworks";
				PRODUCT_NAME = "$(TARGET_NAME)";
			};
			name = Release;
		};
		330D8D381AB98E5D00DC6E76 /* Debug */ = {
			isa = XCBuildConfiguration;
			buildSettings = {
				BUNDLE_LOADER = "$(TEST_HOST)";
				FRAMEWORK_SEARCH_PATHS = (
					"$(SDKROOT)/Developer/Library/Frameworks",
					"$(inherited)",
				);
				GCC_PREPROCESSOR_DEFINITIONS = (
					"DEBUG=1",
					"$(inherited)",
				);
				INFOPLIST_FILE = AWBTCChinaAPIDemoTests/Info.plist;
				LD_RUNPATH_SEARCH_PATHS = "$(inherited) @executable_path/Frameworks @loader_path/Frameworks";
				PRODUCT_NAME = "$(TARGET_NAME)";
				TEST_HOST = "$(BUILT_PRODUCTS_DIR)/AWBTCChinaAPIDemo.app/AWBTCChinaAPIDemo";
			};
			name = Debug;
		};
		330D8D391AB98E5D00DC6E76 /* Release */ = {
			isa = XCBuildConfiguration;
			buildSettings = {
				BUNDLE_LOADER = "$(TEST_HOST)";
				FRAMEWORK_SEARCH_PATHS = (
					"$(SDKROOT)/Developer/Library/Frameworks",
					"$(inherited)",
				);
				INFOPLIST_FILE = AWBTCChinaAPIDemoTests/Info.plist;
				LD_RUNPATH_SEARCH_PATHS = "$(inherited) @executable_path/Frameworks @loader_path/Frameworks";
				PRODUCT_NAME = "$(TARGET_NAME)";
				TEST_HOST = "$(BUILT_PRODUCTS_DIR)/AWBTCChinaAPIDemo.app/AWBTCChinaAPIDemo";
			};
			name = Release;
		};
/* End XCBuildConfiguration section */

/* Begin XCConfigurationList section */
		330D8D0C1AB98E5D00DC6E76 /* Build configuration list for PBXProject "AWBTCChinaAPIDemo" */ = {
			isa = XCConfigurationList;
			buildConfigurations = (
				330D8D321AB98E5D00DC6E76 /* Debug */,
				330D8D331AB98E5D00DC6E76 /* Release */,
			);
			defaultConfigurationIsVisible = 0;
			defaultConfigurationName = Release;
		};
		330D8D341AB98E5D00DC6E76 /* Build configuration list for PBXNativeTarget "AWBTCChinaAPIDemo" */ = {
			isa = XCConfigurationList;
			buildConfigurations = (
				330D8D351AB98E5D00DC6E76 /* Debug */,
				330D8D361AB98E5D00DC6E76 /* Release */,
			);
			defaultConfigurationIsVisible = 0;
			defaultConfigurationName = Release;
		};
		330D8D371AB98E5D00DC6E76 /* Build configuration list for PBXNativeTarget "AWBTCChinaAPIDemoTests" */ = {
			isa = XCConfigurationList;
			buildConfigurations = (
				330D8D381AB98E5D00DC6E76 /* Debug */,
				330D8D391AB98E5D00DC6E76 /* Release */,
			);
			defaultConfigurationIsVisible = 0;
			defaultConfigurationName = Release;
		};
/* End XCConfigurationList section */
	};
	rootObject = 330D8D091AB98E5D00DC6E76 /* Project object */;
}
